PODS:
  - Flutter (1.0.0)
  - realm (20.0.0):
    - Flutter
  - sqflite_darwin (0.0.4):
    - Flutter
    - FlutterMacOS

DEPENDENCIES:
  - Flutter (from `Flutter`)
  - realm (from `.symlinks/plugins/realm/ios`)
  - sqflite_darwin (from `.symlinks/plugins/sqflite_darwin/darwin`)

EXTERNAL SOURCES:
  Flutter:
    :path: Flutter
  realm:
    :path: ".symlinks/plugins/realm/ios"
  sqflite_darwin:
    :path: ".symlinks/plugins/sqflite_darwin/darwin"

SPEC CHECKSUMS:
  Flutter: e0871f40cf51350855a761d2e70bf5af5b9b5de7
  realm: 8b4e74ad7033c55c2b4f784f1f3a980c93cb7a68
  sqflite_darwin: a553b1fd6fe66f53bbb0fe5b4f5bab93f08d7a13

PODFILE CHECKSUM: 819463e6a0290f5a72f145ba7cde16e8b6ef0796

COCOAPODS: 1.15.2
